{
  "name": "zatca-xml-js",
  "version": "1.0.0",
  "lockfileVersion": 3,
  "requires": true,
  "packages": {
    "": {
      "name": "zatca-xml-js",
      "version": "1.0.0",
      "license": "MIT",
      "dependencies": {
        "zatca-xml-js": "file:"
      }
    },
    "node_modules/zatca-xml-js": {
      "resolved": "",
      "link": true
    }
  }
}
